// !$*UTF8*$!
{
	archiveVersion = 1;
	classes = {
	};
	objectVersion = 77;
	objects = {

/* Begin PBXBuildFile section */
		08B4DBFA8DFDF10AB4B41ADA /* RimeSchemas.swift in Sources */ = {isa = PBXBuildFile; fileRef = 84EE3D14B73BA83CAB54AE61 /* RimeSchemas.swift */; };
		2BFF9E83AE4CD7607A98F990 /* ContentView.swift in Sources */ = {isa = PBXBuildFile; fileRef = 9722BD4C2B8594DF2AB17E65 /* ContentView.swift */; };
		2F306345454B8C3F41C221C4 /* App.swift in Sources */ = {isa = PBXBuildFile; fileRef = B388E9784AB14611D8F9297D /* App.swift */; };
		384193B9C092D658B870C5D2 /* YamlLineEditor.swift in Sources */ = {isa = PBXBuildFile; fileRef = E889241A49388B4AD60B7E10 /* YamlLineEditor.swift */; };
		3851D11151DF8076FB7498F5 /* Components.swift in Sources */ = {isa = PBXBuildFile; fileRef = 73A394E0FB506809C0FF2097 /* Components.swift */; };
		3FE5D3933F650F87C609A26E /* ShortcutsPage.swift in Sources */ = {isa = PBXBuildFile; fileRef = 74633FFA2FD2A2429B52E5D8 /* ShortcutsPage.swift */; };
		4181A7B276F3083A9DD68E3F /* SettingsRepository.swift in Sources */ = {isa = PBXBuildFile; fileRef = A5762C8D3BFDA10A7C032D33 /* SettingsRepository.swift */; };
		467A3316FEC5F754AD02B8B3 /* AboutPage.swift in Sources */ = {isa = PBXBuildFile; fileRef = 349CCC4DCEA32D137CB4DD18 /* AboutPage.swift */; };
		50660058F0693892344E1DED /* EffectiveModel.swift in Sources */ = {isa = PBXBuildFile; fileRef = 1586FD4309388EDA3EFDE77B /* EffectiveModel.swift */; };
		6912F29DE1EB14EB6A6FD345 /* Deployer.swift in Sources */ = {isa = PBXBuildFile; fileRef = 99A378835C7E3690081941F9 /* Deployer.swift */; };
		7AB931283743F77DD983F750 /* AppearancePage.swift in Sources */ = {isa = PBXBuildFile; fileRef = 4D0E687B5248C83B3978FB78 /* AppearancePage.swift */; };
		936F9CB54D48658CDC4B8943 /* ConfigPaths.swift in Sources */ = {isa = PBXBuildFile; fileRef = A9C5D8BF89FD48F21EE05FA1 /* ConfigPaths.swift */; };
		D289E39EF4F76791961BC576 /* AppState.swift in Sources */ = {isa = PBXBuildFile; fileRef = F7E0DD75DA31D27EF46EEFB5 /* AppState.swift */; };
		DD34AD59122C570B1EF8E49C /* Node+Yams.swift in Sources */ = {isa = PBXBuildFile; fileRef = 6028D46504BE23AB1DF763CD /* Node+Yams.swift */; };
		E2DEE97BC258980E672EDBF9 /* SyncPage.swift in Sources */ = {isa = PBXBuildFile; fileRef = A98844E8DE942D3407E08630 /* SyncPage.swift */; };
		E4D2726BEF9461286DE0B4E8 /* InputPage.swift in Sources */ = {isa = PBXBuildFile; fileRef = 316F52BBD94C14F523F50417 /* InputPage.swift */; };
		EE60582AFE6B624ECC5E0DE3 /* Yams in Frameworks */ = {isa = PBXBuildFile; productRef = C5BC6BC3D9DFA1744A26A3C5 /* Yams */; };
		F19BE5A81C97A719FC76E01F /* libTriFectaSettingsCore.a in Frameworks */ = {isa = PBXBuildFile; fileRef = 7C95B76F6C7AA6E0D310B7F7 /* libTriFectaSettingsCore.a */; };
/* End PBXBuildFile section */

/* Begin PBXContainerItemProxy section */
		D98CBE434FA5D92912ED6DFE /* PBXContainerItemProxy */ = {
			isa = PBXContainerItemProxy;
			containerPortal = 4B3107A5D89F9D9A05BA4668 /* Project object */;
			proxyType = 1;
			remoteGlobalIDString = 79415D3B4A91EEC884FE87B9;
			remoteInfo = TriFectaSettingsCore;
		};
/* End PBXContainerItemProxy section */

/* Begin PBXFileReference section */
		11669409D858EC476457E2CC /* TriFectaSettings.app */ = {isa = PBXFileReference; explicitFileType = wrapper.application; includeInIndex = 0; path = TriFectaSettings.app; sourceTree = BUILT_PRODUCTS_DIR; };
		1586FD4309388EDA3EFDE77B /* EffectiveModel.swift */ = {isa = PBXFileReference; lastKnownFileType = sourcecode.swift; path = EffectiveModel.swift; sourceTree = "<group>"; };
		316F52BBD94C14F523F50417 /* InputPage.swift */ = {isa = PBXFileReference; lastKnownFileType = sourcecode.swift; path = InputPage.swift; sourceTree = "<group>"; };
		349CCC4DCEA32D137CB4DD18 /* AboutPage.swift */ = {isa = PBXFileReference; lastKnownFileType = sourcecode.swift; path = AboutPage.swift; sourceTree = "<group>"; };
		4D0E687B5248C83B3978FB78 /* AppearancePage.swift */ = {isa = PBXFileReference; lastKnownFileType = sourcecode.swift; path = AppearancePage.swift; sourceTree = "<group>"; };
		6028D46504BE23AB1DF763CD /* Node+Yams.swift */ = {isa = PBXFileReference; lastKnownFileType = sourcecode.swift; path = "Node+Yams.swift"; sourceTree = "<group>"; };
		73A394E0FB506809C0FF2097 /* Components.swift */ = {isa = PBXFileReference; lastKnownFileType = sourcecode.swift; path = Components.swift; sourceTree = "<group>"; };
		74633FFA2FD2A2429B52E5D8 /* ShortcutsPage.swift */ = {isa = PBXFileReference; lastKnownFileType = sourcecode.swift; path = ShortcutsPage.swift; sourceTree = "<group>"; };
		7C95B76F6C7AA6E0D310B7F7 /* libTriFectaSettingsCore.a */ = {isa = PBXFileReference; explicitFileType = archive.ar; includeInIndex = 0; path = libTriFectaSettingsCore.a; sourceTree = BUILT_PRODUCTS_DIR; };
		84EE3D14B73BA83CAB54AE61 /* RimeSchemas.swift */ = {isa = PBXFileReference; lastKnownFileType = sourcecode.swift; path = RimeSchemas.swift; sourceTree = "<group>"; };
		9722BD4C2B8594DF2AB17E65 /* ContentView.swift */ = {isa = PBXFileReference; lastKnownFileType = sourcecode.swift; path = ContentView.swift; sourceTree = "<group>"; };
		99A378835C7E3690081941F9 /* Deployer.swift */ = {isa = PBXFileReference; lastKnownFileType = sourcecode.swift; path = Deployer.swift; sourceTree = "<group>"; };
		A5762C8D3BFDA10A7C032D33 /* SettingsRepository.swift */ = {isa = PBXFileReference; lastKnownFileType = sourcecode.swift; path = SettingsRepository.swift; sourceTree = "<group>"; };
		A98844E8DE942D3407E08630 /* SyncPage.swift */ = {isa = PBXFileReference; lastKnownFileType = sourcecode.swift; path = SyncPage.swift; sourceTree = "<group>"; };
		A9C5D8BF89FD48F21EE05FA1 /* ConfigPaths.swift */ = {isa = PBXFileReference; lastKnownFileType = sourcecode.swift; path = ConfigPaths.swift; sourceTree = "<group>"; };
		B388E9784AB14611D8F9297D /* App.swift */ = {isa = PBXFileReference; lastKnownFileType = sourcecode.swift; path = App.swift; sourceTree = "<group>"; };
		CD517A38F1A74987BDE3C162 /* Info.plist */ = {isa = PBXFileReference; lastKnownFileType = text.plist; path = Info.plist; sourceTree = "<group>"; };
		D954C8BF3C4AEEBA8F703A5F /* Yams */ = {isa = PBXFileReference; lastKnownFileType = folder; name = Yams; path = Deps/Yams; sourceTree = SOURCE_ROOT; };
		E889241A49388B4AD60B7E10 /* YamlLineEditor.swift */ = {isa = PBXFileReference; lastKnownFileType = sourcecode.swift; path = YamlLineEditor.swift; sourceTree = "<group>"; };
		F7E0DD75DA31D27EF46EEFB5 /* AppState.swift */ = {isa = PBXFileReference; lastKnownFileType = sourcecode.swift; path = AppState.swift; sourceTree = "<group>"; };
/* End PBXFileReference section */

/* Begin PBXFrameworksBuildPhase section */
		4CDD74DB9DEC1D1456FDF6C1 /* Frameworks */ = {
			isa = PBXFrameworksBuildPhase;
			buildActionMask = 2147483647;
			files = (
				F19BE5A81C97A719FC76E01F /* libTriFectaSettingsCore.a in Frameworks */,
				EE60582AFE6B624ECC5E0DE3 /* Yams in Frameworks */,
			);
			runOnlyForDeploymentPostprocessing = 0;
		};
/* End PBXFrameworksBuildPhase section */

/* Begin PBXGroup section */
		0D0DC352C60941246162509F /* Sources */ = {
			isa = PBXGroup;
			children = (
				FC9BF5B8F1BBBC07F295B924 /* TriFectaSettings */,
				E8BB9060B2C201EF9D2471C3 /* TriFectaSettingsCore */,
			);
			path = Sources;
			sourceTree = "<group>";
		};
		1F38F98DE7ADE5C98EE80C79 /* Packages */ = {
			isa = PBXGroup;
			children = (
				D954C8BF3C4AEEBA8F703A5F /* Yams */,
			);
			name = Packages;
			sourceTree = "<group>";
		};
		B698C670ACFFB8284FC7D0FC /* Pages */ = {
			isa = PBXGroup;
			children = (
				349CCC4DCEA32D137CB4DD18 /* AboutPage.swift */,
				4D0E687B5248C83B3978FB78 /* AppearancePage.swift */,
				316F52BBD94C14F523F50417 /* InputPage.swift */,
				74633FFA2FD2A2429B52E5D8 /* ShortcutsPage.swift */,
				A98844E8DE942D3407E08630 /* SyncPage.swift */,
			);
			path = Pages;
			sourceTree = "<group>";
		};
		C1A1FF37575329BCCDDBE2AA = {
			isa = PBXGroup;
			children = (
				1F38F98DE7ADE5C98EE80C79 /* Packages */,
				0D0DC352C60941246162509F /* Sources */,
				CA2638D7787F09775B7E8327 /* Products */,
			);
			sourceTree = "<group>";
		};
		C8031B3E5C3B9DFC84DE5EC5 /* Resources */ = {
			isa = PBXGroup;
			children = (
				CD517A38F1A74987BDE3C162 /* Info.plist */,
			);
			path = Resources;
			sourceTree = "<group>";
		};
		CA2638D7787F09775B7E8327 /* Products */ = {
			isa = PBXGroup;
			children = (
				7C95B76F6C7AA6E0D310B7F7 /* libTriFectaSettingsCore.a */,
				11669409D858EC476457E2CC /* TriFectaSettings.app */,
			);
			name = Products;
			sourceTree = "<group>";
		};
		E8BB9060B2C201EF9D2471C3 /* TriFectaSettingsCore */ = {
			isa = PBXGroup;
			children = (
				A9C5D8BF89FD48F21EE05FA1 /* ConfigPaths.swift */,
				99A378835C7E3690081941F9 /* Deployer.swift */,
				1586FD4309388EDA3EFDE77B /* EffectiveModel.swift */,
				6028D46504BE23AB1DF763CD /* Node+Yams.swift */,
				84EE3D14B73BA83CAB54AE61 /* RimeSchemas.swift */,
				A5762C8D3BFDA10A7C032D33 /* SettingsRepository.swift */,
				E889241A49388B4AD60B7E10 /* YamlLineEditor.swift */,
			);
			path = TriFectaSettingsCore;
			sourceTree = "<group>";
		};
		FC9BF5B8F1BBBC07F295B924 /* TriFectaSettings */ = {
			isa = PBXGroup;
			children = (
				B388E9784AB14611D8F9297D /* App.swift */,
				F7E0DD75DA31D27EF46EEFB5 /* AppState.swift */,
				73A394E0FB506809C0FF2097 /* Components.swift */,
				9722BD4C2B8594DF2AB17E65 /* ContentView.swift */,
				B698C670ACFFB8284FC7D0FC /* Pages */,
				C8031B3E5C3B9DFC84DE5EC5 /* Resources */,
			);
			path = TriFectaSettings;
			sourceTree = "<group>";
		};
/* End PBXGroup section */

/* Begin PBXNativeTarget section */
		79415D3B4A91EEC884FE87B9 /* TriFectaSettingsCore */ = {
			isa = PBXNativeTarget;
			buildConfigurationList = A3A334EDDE2CAEB8A9C38B0E /* Build configuration list for PBXNativeTarget "TriFectaSettingsCore" */;
			buildPhases = (
				DE589535AFC8BBE80F760838 /* Sources */,
				99CC6D8DD6A672915CCFE99B /* Copy Swift Objective-C Interface Header */,
			);
			buildRules = (
			);
			dependencies = (
				090DF4F8D1FC59FD8CF145E7 /* PBXTargetDependency */,
			);
			name = TriFectaSettingsCore;
			packageProductDependencies = (
				FD4076C224805A9CDBE8B58A /* Yams */,
			);
			productName = TriFectaSettingsCore;
			productReference = 7C95B76F6C7AA6E0D310B7F7 /* libTriFectaSettingsCore.a */;
			productType = "com.apple.product-type.library.static";
		};
		C8A991B70C86801303EBB7D4 /* TriFectaSettings */ = {
			isa = PBXNativeTarget;
			buildConfigurationList = 9D4F15492C62A26085E59177 /* Build configuration list for PBXNativeTarget "TriFectaSettings" */;
			buildPhases = (
				088079C46BFAB5CE6E422A1D /* Sources */,
				4CDD74DB9DEC1D1456FDF6C1 /* Frameworks */,
			);
			buildRules = (
			);
			dependencies = (
				F6F99047330A5713E4818E0C /* PBXTargetDependency */,
			);
			name = TriFectaSettings;
			packageProductDependencies = (
				C5BC6BC3D9DFA1744A26A3C5 /* Yams */,
			);
			productName = TriFectaSettings;
			productReference = 11669409D858EC476457E2CC /* TriFectaSettings.app */;
			productType = "com.apple.product-type.application";
		};
/* End PBXNativeTarget section */

/* Begin PBXProject section */
		4B3107A5D89F9D9A05BA4668 /* Project object */ = {
			isa = PBXProject;
			attributes = {
				BuildIndependentTargetsInParallel = YES;
				LastUpgradeCheck = 1500;
				TargetAttributes = {
					79415D3B4A91EEC884FE87B9 = {
						DevelopmentTeam = "";
						ProvisioningStyle = Manual;
					};
					C8A991B70C86801303EBB7D4 = {
						DevelopmentTeam = "";
						ProvisioningStyle = Manual;
					};
				};
			};
			buildConfigurationList = BF433076DA4F99ACCF3C5628 /* Build configuration list for PBXProject "TriFectaSettings" */;
			developmentRegion = en;
			hasScannedForEncodings = 0;
			knownRegions = (
				Base,
				en,
			);
			mainGroup = C1A1FF37575329BCCDDBE2AA;
			minimizedProjectReferenceProxies = 1;
			packageReferences = (
				317EC19CB0E9F7E81D35F723 /* XCLocalSwiftPackageReference "Deps/Yams" */,
			);
			preferredProjectObjectVersion = 77;
			productRefGroup = CA2638D7787F09775B7E8327 /* Products */;
			projectDirPath = "";
			projectRoot = "";
			targets = (
				C8A991B70C86801303EBB7D4 /* TriFectaSettings */,
				79415D3B4A91EEC884FE87B9 /* TriFectaSettingsCore */,
			);
		};
/* End PBXProject section */

/* Begin PBXShellScriptBuildPhase section */
		99CC6D8DD6A672915CCFE99B /* Copy Swift Objective-C Interface Header */ = {
			isa = PBXShellScriptBuildPhase;
			buildActionMask = 2147483647;
			files = (
			);
			inputPaths = (
				"$(DERIVED_SOURCES_DIR)/$(SWIFT_OBJC_INTERFACE_HEADER_NAME)",
			);
			name = "Copy Swift Objective-C Interface Header";
			outputPaths = (
				"$(BUILT_PRODUCTS_DIR)/include/$(PRODUCT_MODULE_NAME)/$(SWIFT_OBJC_INTERFACE_HEADER_NAME)",
			);
			runOnlyForDeploymentPostprocessing = 0;
			shellPath = /bin/sh;
			shellScript = "ditto \"${SCRIPT_INPUT_FILE_0}\" \"${SCRIPT_OUTPUT_FILE_0}\"\n";
		};
/* End PBXShellScriptBuildPhase section */

/* Begin PBXSourcesBuildPhase section */
		088079C46BFAB5CE6E422A1D /* Sources */ = {
			isa = PBXSourcesBuildPhase;
			buildActionMask = 2147483647;
			files = (
				467A3316FEC5F754AD02B8B3 /* AboutPage.swift in Sources */,
				2F306345454B8C3F41C221C4 /* App.swift in Sources */,
				D289E39EF4F76791961BC576 /* AppState.swift in Sources */,
				7AB931283743F77DD983F750 /* AppearancePage.swift in Sources */,
				3851D11151DF8076FB7498F5 /* Components.swift in Sources */,
				2BFF9E83AE4CD7607A98F990 /* ContentView.swift in Sources */,
				E4D2726BEF9461286DE0B4E8 /* InputPage.swift in Sources */,
				3FE5D3933F650F87C609A26E /* ShortcutsPage.swift in Sources */,
				E2DEE97BC258980E672EDBF9 /* SyncPage.swift in Sources */,
			);
			runOnlyForDeploymentPostprocessing = 0;
		};
		DE589535AFC8BBE80F760838 /* Sources */ = {
			isa = PBXSourcesBuildPhase;
			buildActionMask = 2147483647;
			files = (
				936F9CB54D48658CDC4B8943 /* ConfigPaths.swift in Sources */,
				6912F29DE1EB14EB6A6FD345 /* Deployer.swift in Sources */,
				50660058F0693892344E1DED /* EffectiveModel.swift in Sources */,
				DD34AD59122C570B1EF8E49C /* Node+Yams.swift in Sources */,
				08B4DBFA8DFDF10AB4B41ADA /* RimeSchemas.swift in Sources */,
				4181A7B276F3083A9DD68E3F /* SettingsRepository.swift in Sources */,
				384193B9C092D658B870C5D2 /* YamlLineEditor.swift in Sources */,
			);
			runOnlyForDeploymentPostprocessing = 0;
		};
/* End PBXSourcesBuildPhase section */

/* Begin PBXTargetDependency section */
		090DF4F8D1FC59FD8CF145E7 /* PBXTargetDependency */ = {
			isa = PBXTargetDependency;
			productRef = FD4076C224805A9CDBE8B58A /* Yams */;
		};
		F6F99047330A5713E4818E0C /* PBXTargetDependency */ = {
			isa = PBXTargetDependency;
			target = 79415D3B4A91EEC884FE87B9 /* TriFectaSettingsCore */;
			targetProxy = D98CBE434FA5D92912ED6DFE /* PBXContainerItemProxy */;
		};
/* End PBXTargetDependency section */

/* Begin XCBuildConfiguration section */
		0798A70035869C7785AE79CA /* Debug */ = {
			isa = XCBuildConfiguration;
			buildSettings = {
				ASSETCATALOG_COMPILER_APPICON_NAME = AppIcon;
				CODE_SIGN_IDENTITY = "-";
				COMBINE_HIDPI_IMAGES = YES;
				ENABLE_HARDENED_RUNTIME = NO;
				GENERATE_INFOPLIST_FILE = NO;
				INFOPLIST_FILE = Sources/TriFectaSettings/Resources/Info.plist;
				LD_RUNPATH_SEARCH_PATHS = (
					"$(inherited)",
					"@executable_path/../Frameworks",
				);
				OTHER_LDFLAGS = (
					"$(inherited)",
					"-ObjC",
				);
				PRODUCT_BUNDLE_IDENTIFIER = im.rime.inputmethod.Squirrel.settings;
				SDKROOT = macosx;
			};
			name = Debug;
		};
		18F2FAC6E4450656C06E2815 /* Release */ = {
			isa = XCBuildConfiguration;
			buildSettings = {
				ALWAYS_SEARCH_USER_PATHS = NO;
				CLANG_ANALYZER_NONNULL = YES;
				CLANG_ANALYZER_NUMBER_OBJECT_CONVERSION = YES_AGGRESSIVE;
				CLANG_CXX_LANGUAGE_STANDARD = "gnu++14";
				CLANG_CXX_LIBRARY = "libc++";
				CLANG_ENABLE_MODULES = YES;
				CLANG_ENABLE_OBJC_ARC = YES;
				CLANG_ENABLE_OBJC_WEAK = YES;
				CLANG_WARN_BLOCK_CAPTURE_AUTORELEASING = YES;
				CLANG_WARN_BOOL_CONVERSION = YES;
				CLANG_WARN_COMMA = YES;
				CLANG_WARN_CONSTANT_CONVERSION = YES;
				CLANG_WARN_DEPRECATED_OBJC_IMPLEMENTATIONS = YES;
				CLANG_WARN_DIRECT_OBJC_ISA_USAGE = YES_ERROR;
				CLANG_WARN_DOCUMENTATION_COMMENTS = YES;
				CLANG_WARN_EMPTY_BODY = YES;
				CLANG_WARN_ENUM_CONVERSION = YES;
				CLANG_WARN_INFINITE_RECURSION = YES;
				CLANG_WARN_INT_CONVERSION = YES;
				CLANG_WARN_NON_LITERAL_NULL_CONVERSION = YES;
				CLANG_WARN_OBJC_IMPLICIT_RETAIN_SELF = YES;
				CLANG_WARN_OBJC_LITERAL_CONVERSION = YES;
				CLANG_WARN_OBJC_ROOT_CLASS = YES_ERROR;
				CLANG_WARN_QUOTED_INCLUDE_IN_FRAMEWORK_HEADER = YES;
				CLANG_WARN_RANGE_LOOP_ANALYSIS = YES;
				CLANG_WARN_STRICT_PROTOTYPES = YES;
				CLANG_WARN_SUSPICIOUS_MOVE = YES;
				CLANG_WARN_UNGUARDED_AVAILABILITY = YES_AGGRESSIVE;
				CLANG_WARN_UNREACHABLE_CODE = YES;
				CLANG_WARN__DUPLICATE_METHOD_MATCH = YES;
				CODE_SIGN_IDENTITY = "-";
				CODE_SIGN_STYLE = Manual;
				COPY_PHASE_STRIP = NO;
				DEBUG_INFORMATION_FORMAT = "dwarf-with-dsym";
				DEVELOPMENT_TEAM = "";
				ENABLE_NS_ASSERTIONS = NO;
				ENABLE_STRICT_OBJC_MSGSEND = YES;
				GCC_C_LANGUAGE_STANDARD = gnu11;
				GCC_NO_COMMON_BLOCKS = YES;
				GCC_WARN_64_TO_32_BIT_CONVERSION = YES;
				GCC_WARN_ABOUT_RETURN_TYPE = YES_ERROR;
				GCC_WARN_UNDECLARED_SELECTOR = YES;
				GCC_WARN_UNINITIALIZED_AUTOS = YES_AGGRESSIVE;
				GCC_WARN_UNUSED_FUNCTION = YES;
				GCC_WARN_UNUSED_VARIABLE = YES;
				MACOSX_DEPLOYMENT_TARGET = 13.0;
				MTL_ENABLE_DEBUG_INFO = NO;
				MTL_FAST_MATH = YES;
				PRODUCT_NAME = "$(TARGET_NAME)";
				SDKROOT = macosx;
				SWIFT_COMPILATION_MODE = wholemodule;
				SWIFT_OPTIMIZATION_LEVEL = "-O";
				SWIFT_VERSION = 5.9;
			};
			name = Release;
		};
		48FAA253C6FFAB6D56E1552D /* Debug */ = {
			isa = XCBuildConfiguration;
			buildSettings = {
				COMBINE_HIDPI_IMAGES = YES;
				LD_RUNPATH_SEARCH_PATHS = (
					"$(inherited)",
					"@executable_path/../Frameworks",
				);
				SDKROOT = macosx;
				SKIP_INSTALL = YES;
			};
			name = Debug;
		};
		5EFDAB39A4AA957CB91CDE8B /* Release */ = {
			isa = XCBuildConfiguration;
			buildSettings = {
				COMBINE_HIDPI_IMAGES = YES;
				LD_RUNPATH_SEARCH_PATHS = (
					"$(inherited)",
					"@executable_path/../Frameworks",
				);
				SDKROOT = macosx;
				SKIP_INSTALL = YES;
			};
			name = Release;
		};
		917BCB9BD6AE85AE99C86DD7 /* Debug */ = {
			isa = XCBuildConfiguration;
			buildSettings = {
				ALWAYS_SEARCH_USER_PATHS = NO;
				CLANG_ANALYZER_NONNULL = YES;
				CLANG_ANALYZER_NUMBER_OBJECT_CONVERSION = YES_AGGRESSIVE;
				CLANG_CXX_LANGUAGE_STANDARD = "gnu++14";
				CLANG_CXX_LIBRARY = "libc++";
				CLANG_ENABLE_MODULES = YES;
				CLANG_ENABLE_OBJC_ARC = YES;
				CLANG_ENABLE_OBJC_WEAK = YES;
				CLANG_WARN_BLOCK_CAPTURE_AUTORELEASING = YES;
				CLANG_WARN_BOOL_CONVERSION = YES;
				CLANG_WARN_COMMA = YES;
				CLANG_WARN_CONSTANT_CONVERSION = YES;
				CLANG_WARN_DEPRECATED_OBJC_IMPLEMENTATIONS = YES;
				CLANG_WARN_DIRECT_OBJC_ISA_USAGE = YES_ERROR;
				CLANG_WARN_DOCUMENTATION_COMMENTS = YES;
				CLANG_WARN_EMPTY_BODY = YES;
				CLANG_WARN_ENUM_CONVERSION = YES;
				CLANG_WARN_INFINITE_RECURSION = YES;
				CLANG_WARN_INT_CONVERSION = YES;
				CLANG_WARN_NON_LITERAL_NULL_CONVERSION = YES;
				CLANG_WARN_OBJC_IMPLICIT_RETAIN_SELF = YES;
				CLANG_WARN_OBJC_LITERAL_CONVERSION = YES;
				CLANG_WARN_OBJC_ROOT_CLASS = YES_ERROR;
				CLANG_WARN_QUOTED_INCLUDE_IN_FRAMEWORK_HEADER = YES;
				CLANG_WARN_RANGE_LOOP_ANALYSIS = YES;
				CLANG_WARN_STRICT_PROTOTYPES = YES;
				CLANG_WARN_SUSPICIOUS_MOVE = YES;
				CLANG_WARN_UNGUARDED_AVAILABILITY = YES_AGGRESSIVE;
				CLANG_WARN_UNREACHABLE_CODE = YES;
				CLANG_WARN__DUPLICATE_METHOD_MATCH = YES;
				CODE_SIGN_IDENTITY = "-";
				CODE_SIGN_STYLE = Manual;
				COPY_PHASE_STRIP = NO;
				DEBUG_INFORMATION_FORMAT = dwarf;
				DEVELOPMENT_TEAM = "";
				ENABLE_STRICT_OBJC_MSGSEND = YES;
				ENABLE_TESTABILITY = YES;
				GCC_C_LANGUAGE_STANDARD = gnu11;
				GCC_DYNAMIC_NO_PIC = NO;
				GCC_NO_COMMON_BLOCKS = YES;
				GCC_OPTIMIZATION_LEVEL = 0;
				GCC_PREPROCESSOR_DEFINITIONS = (
					"$(inherited)",
					"DEBUG=1",
				);
				GCC_WARN_64_TO_32_BIT_CONVERSION = YES;
				GCC_WARN_ABOUT_RETURN_TYPE = YES_ERROR;
				GCC_WARN_UNDECLARED_SELECTOR = YES;
				GCC_WARN_UNINITIALIZED_AUTOS = YES_AGGRESSIVE;
				GCC_WARN_UNUSED_FUNCTION = YES;
				GCC_WARN_UNUSED_VARIABLE = YES;
				MACOSX_DEPLOYMENT_TARGET = 13.0;
				MTL_ENABLE_DEBUG_INFO = INCLUDE_SOURCE;
				MTL_FAST_MATH = YES;
				ONLY_ACTIVE_ARCH = YES;
				PRODUCT_NAME = "$(TARGET_NAME)";
				SDKROOT = macosx;
				SWIFT_ACTIVE_COMPILATION_CONDITIONS = DEBUG;
				SWIFT_OPTIMIZATION_LEVEL = "-Onone";
				SWIFT_VERSION = 5.9;
			};
			name = Debug;
		};
		CF02DBD74FD817ACC6FBA767 /* Release */ = {
			isa = XCBuildConfiguration;
			buildSettings = {
				ASSETCATALOG_COMPILER_APPICON_NAME = AppIcon;
				CODE_SIGN_IDENTITY = "-";
				COMBINE_HIDPI_IMAGES = YES;
				ENABLE_HARDENED_RUNTIME = NO;
				GENERATE_INFOPLIST_FILE = NO;
				INFOPLIST_FILE = Sources/TriFectaSettings/Resources/Info.plist;
				LD_RUNPATH_SEARCH_PATHS = (
					"$(inherited)",
					"@executable_path/../Frameworks",
				);
				OTHER_LDFLAGS = (
					"$(inherited)",
					"-ObjC",
				);
				PRODUCT_BUNDLE_IDENTIFIER = im.rime.inputmethod.Squirrel.settings;
				SDKROOT = macosx;
			};
			name = Release;
		};
/* End XCBuildConfiguration section */

/* Begin XCConfigurationList section */
		9D4F15492C62A26085E59177 /* Build configuration list for PBXNativeTarget "TriFectaSettings" */ = {
			isa = XCConfigurationList;
			buildConfigurations = (
				0798A70035869C7785AE79CA /* Debug */,
				CF02DBD74FD817ACC6FBA767 /* Release */,
			);
			defaultConfigurationIsVisible = 0;
			defaultConfigurationName = Debug;
		};
		A3A334EDDE2CAEB8A9C38B0E /* Build configuration list for PBXNativeTarget "TriFectaSettingsCore" */ = {
			isa = XCConfigurationList;
			buildConfigurations = (
				48FAA253C6FFAB6D56E1552D /* Debug */,
				5EFDAB39A4AA957CB91CDE8B /* Release */,
			);
			defaultConfigurationIsVisible = 0;
			defaultConfigurationName = Debug;
		};
		BF433076DA4F99ACCF3C5628 /* Build configuration list for PBXProject "TriFectaSettings" */ = {
			isa = XCConfigurationList;
			buildConfigurations = (
				917BCB9BD6AE85AE99C86DD7 /* Debug */,
				18F2FAC6E4450656C06E2815 /* Release */,
			);
			defaultConfigurationIsVisible = 0;
			defaultConfigurationName = Debug;
		};
/* End XCConfigurationList section */

/* Begin XCLocalSwiftPackageReference section */
		317EC19CB0E9F7E81D35F723 /* XCLocalSwiftPackageReference "Deps/Yams" */ = {
			isa = XCLocalSwiftPackageReference;
			relativePath = Deps/Yams;
		};
/* End XCLocalSwiftPackageReference section */

/* Begin XCSwiftPackageProductDependency section */
		C5BC6BC3D9DFA1744A26A3C5 /* Yams */ = {
			isa = XCSwiftPackageProductDependency;
			productName = Yams;
		};
		FD4076C224805A9CDBE8B58A /* Yams */ = {
			isa = XCSwiftPackageProductDependency;
			productName = Yams;
		};
/* End XCSwiftPackageProductDependency section */
	};
	rootObject = 4B3107A5D89F9D9A05BA4668 /* Project object */;
}
